// !$*UTF8*$!
{
	archiveVersion = 1;
	classes = {
	};
	objectVersion = 46;
	objects = {

/* Begin PBXBuildFile section */
		0EFF3BEE94CD4B244CAB2A5F /* Pods_WhatWeather.framework in Frameworks */ = {isa = PBXBuildFile; fileRef = 39FBB6DA1F143F937934C6C0 /* Pods_WhatWeather.framework */; };
		6FED52FA1D7692A700E331CC /* Constants.swift in Sources */ = {isa = PBXBuildFile; fileRef = 6FED52F91D7692A700E331CC /* Constants.swift */; };
		6FED52FC1D76B4AA00E331CC /* CurrentWeather.swift in Sources */ = {isa = PBXBuildFile; fileRef = 6FED52FB1D76B4AA00E331CC /* CurrentWeather.swift */; };
		6FEDE9A91D75EFFC00E65F68 /* AppDelegate.swift in Sources */ = {isa = PBXBuildFile; fileRef = 6FEDE9A81D75EFFC00E65F68 /* AppDelegate.swift */; };
		6FEDE9AB1D75EFFC00E65F68 /* WeatherVC.swift in Sources */ = {isa = PBXBuildFile; fileRef = 6FEDE9AA1D75EFFC00E65F68 /* WeatherVC.swift */; };
		6FEDE9AE1D75EFFC00E65F68 /* Main.storyboard in Resources */ = {isa = PBXBuildFile; fileRef = 6FEDE9AC1D75EFFC00E65F68 /* Main.storyboard */; };
		6FEDE9B01D75EFFC00E65F68 /* Assets.xcassets in Resources */ = {isa = PBXBuildFile; fileRef = 6FEDE9AF1D75EFFC00E65F68 /* Assets.xcassets */; };
		6FEDE9B31D75EFFC00E65F68 /* LaunchScreen.storyboard in Resources */ = {isa = PBXBuildFile; fileRef = 6FEDE9B11D75EFFC00E65F68 /* LaunchScreen.storyboard */; };
/* End PBXBuildFile section */

/* Begin PBXFileReference section */
		39FBB6DA1F143F937934C6C0 /* Pods_WhatWeather.framework */ = {isa = PBXFileReference; explicitFileType = wrapper.framework; includeInIndex = 0; path = Pods_WhatWeather.framework; sourceTree = BUILT_PRODUCTS_DIR; };
		6FED52F91D7692A700E331CC /* Constants.swift */ = {isa = PBXFileReference; fileEncoding = 4; lastKnownFileType = sourcecode.swift; path = Constants.swift; sourceTree = "<group>"; };
		6FED52FB1D76B4AA00E331CC /* CurrentWeather.swift */ = {isa = PBXFileReference; fileEncoding = 4; lastKnownFileType = sourcecode.swift; path = CurrentWeather.swift; sourceTree = "<group>"; };
		6FEDE9A51D75EFFC00E65F68 /* WhatWeather.app */ = {isa = PBXFileReference; explicitFileType = wrapper.application; includeInIndex = 0; path = WhatWeather.app; sourceTree = BUILT_PRODUCTS_DIR; };
		6FEDE9A81D75EFFC00E65F68 /* AppDelegate.swift */ = {isa = PBXFileReference; lastKnownFileType = sourcecode.swift; path = AppDelegate.swift; sourceTree = "<group>"; };
		6FEDE9AA1D75EFFC00E65F68 /* WeatherVC.swift */ = {isa = PBXFileReference; lastKnownFileType = sourcecode.swift; path = WeatherVC.swift; sourceTree = "<group>"; };
		6FEDE9AD1D75EFFC00E65F68 /* Base */ = {isa = PBXFileReference; lastKnownFileType = file.storyboard; name = Base; path = Base.lproj/Main.storyboard; sourceTree = "<group>"; };
		6FEDE9AF1D75EFFC00E65F68 /* Assets.xcassets */ = {isa = PBXFileReference; lastKnownFileType = folder.assetcatalog; path = Assets.xcassets; sourceTree = "<group>"; };
		6FEDE9B21D75EFFC00E65F68 /* Base */ = {isa = PBXFileReference; lastKnownFileType = file.storyboard; name = Base; path = Base.lproj/LaunchScreen.storyboard; sourceTree = "<group>"; };
		6FEDE9B41D75EFFC00E65F68 /* Info.plist */ = {isa = PBXFileReference; lastKnownFileType = text.plist.xml; path = Info.plist; sourceTree = "<group>"; };
		ADDD9FF7B0D1AF4BC1CEEB59 /* Pods-WhatWeather.release.xcconfig */ = {isa = PBXFileReference; includeInIndex = 1; lastKnownFileType = text.xcconfig; name = "Pods-WhatWeather.release.xcconfig"; path = "Pods/Target Support Files/Pods-WhatWeather/Pods-WhatWeather.release.xcconfig"; sourceTree = "<group>"; };
		B56B645BBC12CFB4E58A801D /* Pods-WhatWeather.debug.xcconfig */ = {isa = PBXFileReference; includeInIndex = 1; lastKnownFileType = text.xcconfig; name = "Pods-WhatWeather.debug.xcconfig"; path = "Pods/Target Support Files/Pods-WhatWeather/Pods-WhatWeather.debug.xcconfig"; sourceTree = "<group>"; };
/* End PBXFileReference section */

/* Begin PBXFrameworksBuildPhase section */
		6FEDE9A21D75EFFC00E65F68 /* Frameworks */ = {
			isa = PBXFrameworksBuildPhase;
			buildActionMask = 2147483647;
			files = (
				0EFF3BEE94CD4B244CAB2A5F /* Pods_WhatWeather.framework in Frameworks */,
			);
			runOnlyForDeploymentPostprocessing = 0;
		};
/* End PBXFrameworksBuildPhase section */

/* Begin PBXGroup section */
		49D60DDD3F3B0F71F95D0430 /* Pods */ = {
			isa = PBXGroup;
			children = (
				B56B645BBC12CFB4E58A801D /* Pods-WhatWeather.debug.xcconfig */,
				ADDD9FF7B0D1AF4BC1CEEB59 /* Pods-WhatWeather.release.xcconfig */,
			);
			name = Pods;
			sourceTree = "<group>";
		};
		6FEDE99C1D75EFFC00E65F68 = {
			isa = PBXGroup;
			children = (
				6FEDE9A71D75EFFC00E65F68 /* WhatWeather */,
				6FEDE9A61D75EFFC00E65F68 /* Products */,
				49D60DDD3F3B0F71F95D0430 /* Pods */,
				E496E10577C90D8A7BB4816C /* Frameworks */,
			);
			sourceTree = "<group>";
		};
		6FEDE9A61D75EFFC00E65F68 /* Products */ = {
			isa = PBXGroup;
			children = (
				6FEDE9A51D75EFFC00E65F68 /* WhatWeather.app */,
			);
			name = Products;
			sourceTree = "<group>";
		};
		6FEDE9A71D75EFFC00E65F68 /* WhatWeather */ = {
			isa = PBXGroup;
			children = (
				6FEDE9A81D75EFFC00E65F68 /* AppDelegate.swift */,
				6FEDE9AA1D75EFFC00E65F68 /* WeatherVC.swift */,
				6FEDE9AC1D75EFFC00E65F68 /* Main.storyboard */,
				6FEDE9AF1D75EFFC00E65F68 /* Assets.xcassets */,
				6FEDE9B11D75EFFC00E65F68 /* LaunchScreen.storyboard */,
				6FEDE9B41D75EFFC00E65F68 /* Info.plist */,
				6FED52F91D7692A700E331CC /* Constants.swift */,
				6FED52FB1D76B4AA00E331CC /* CurrentWeather.swift */,
			);
			path = WhatWeather;
			sourceTree = "<group>";
		};
		E496E10577C90D8A7BB4816C /* Frameworks */ = {
			isa = PBXGroup;
			children = (
				39FBB6DA1F143F937934C6C0 /* Pods_WhatWeather.framework */,
			);
			name = Frameworks;
			sourceTree = "<group>";
		};
/* End PBXGroup section */

/* Begin PBXNativeTarget section */
		6FEDE9A41D75EFFC00E65F68 /* WhatWeather */ = {
			isa = PBXNativeTarget;
			buildConfigurationList = 6FEDE9B71D75EFFC00E65F68 /* Build configuration list for PBXNativeTarget "WhatWeather" */;
			buildPhases = (
				BFA694D96B241B3FDE381AB2 /* [CP] Check Pods Manifest.lock */,
				6FEDE9A11D75EFFC00E65F68 /* Sources */,
				6FEDE9A21D75EFFC00E65F68 /* Frameworks */,
				6FEDE9A31D75EFFC00E65F68 /* Resources */,
				E5E3699ADE322B8630813E2B /* [CP] Embed Pods Frameworks */,
				7B5FDC1D5A09360B9C3D7F18 /* [CP] Copy Pods Resources */,
			);
			buildRules = (
			);
			dependencies = (
			);
			name = WhatWeather;
			productName = WhatWeather;
			productReference = 6FEDE9A51D75EFFC00E65F68 /* WhatWeather.app */;
			productType = "com.apple.product-type.application";
		};
/* End PBXNativeTarget section */

/* Begin PBXProject section */
		6FEDE99D1D75EFFC00E65F68 /* Project object */ = {
			isa = PBXProject;
			attributes = {
				LastSwiftUpdateCheck = 0800;
				LastUpgradeCheck = 0800;
				ORGANIZATIONNAME = "Andrew Ng";
				TargetAttributes = {
					6FEDE9A41D75EFFC00E65F68 = {
						CreatedOnToolsVersion = 8.0;
						DevelopmentTeam = 7FUMWZ2NUV;
						LastSwiftMigration = 0800;
						ProvisioningStyle = Automatic;
					};
				};
			};
			buildConfigurationList = 6FEDE9A01D75EFFC00E65F68 /* Build configuration list for PBXProject "WhatWeather" */;
			compatibilityVersion = "Xcode 3.2";
			developmentRegion = English;
			hasScannedForEncodings = 0;
			knownRegions = (
				en,
				Base,
			);
			mainGroup = 6FEDE99C1D75EFFC00E65F68;
			productRefGroup = 6FEDE9A61D75EFFC00E65F68 /* Products */;
			projectDirPath = "";
			projectRoot = "";
			targets = (
				6FEDE9A41D75EFFC00E65F68 /* WhatWeather */,
			);
		};
/* End PBXProject section */

/* Begin PBXResourcesBuildPhase section */
		6FEDE9A31D75EFFC00E65F68 /* Resources */ = {
			isa = PBXResourcesBuildPhase;
			buildActionMask = 2147483647;
			files = (
				6FEDE9B31D75EFFC00E65F68 /* LaunchScreen.storyboard in Resources */,
				6FEDE9B01D75EFFC00E65F68 /* Assets.xcassets in Resources */,
				6FEDE9AE1D75EFFC00E65F68 /* Main.storyboard in Resources */,
			);
			runOnlyForDeploymentPostprocessing = 0;
		};
/* End PBXResourcesBuildPhase section */

/* Begin PBXShellScriptBuildPhase section */
		7B5FDC1D5A09360B9C3D7F18 /* [CP] Copy Pods Resources */ = {
			isa = PBXShellScriptBuildPhase;
			buildActionMask = 2147483647;
			files = (
			);
			inputPaths = (
			);
			name = "[CP] Copy Pods Resources";
			outputPaths = (
			);
			runOnlyForDeploymentPostprocessing = 0;
			shellPath = /bin/sh;
			shellScript = "\"${SRCROOT}/Pods/Target Support Files/Pods-WhatWeather/Pods-WhatWeather-resources.sh\"\n";
			showEnvVarsInLog = 0;
		};
		BFA694D96B241B3FDE381AB2 /* [CP] Check Pods Manifest.lock */ = {
			isa = PBXShellScriptBuildPhase;
			buildActionMask = 2147483647;
			files = (
			);
			inputPaths = (
			);
			name = "[CP] Check Pods Manifest.lock";
			outputPaths = (
			);
			runOnlyForDeploymentPostprocessing = 0;
			shellPath = /bin/sh;
			shellScript = "diff \"${PODS_ROOT}/../Podfile.lock\" \"${PODS_ROOT}/Manifest.lock\" > /dev/null\nif [[ $? != 0 ]] ; then\n    cat << EOM\nerror: The sandbox is not in sync with the Podfile.lock. Run 'pod install' or update your CocoaPods installation.\nEOM\n    exit 1\nfi\n";
			showEnvVarsInLog = 0;
		};
		E5E3699ADE322B8630813E2B /* [CP] Embed Pods Frameworks */ = {
			isa = PBXShellScriptBuildPhase;
			buildActionMask = 2147483647;
			files = (
			);
			inputPaths = (
			);
			name = "[CP] Embed Pods Frameworks";
			outputPaths = (
			);
			runOnlyForDeploymentPostprocessing = 0;
			shellPath = /bin/sh;
			shellScript = "\"${SRCROOT}/Pods/Target Support Files/Pods-WhatWeather/Pods-WhatWeather-frameworks.sh\"\n";
			showEnvVarsInLog = 0;
		};
/* End PBXShellScriptBuildPhase section */

/* Begin PBXSourcesBuildPhase section */
		6FEDE9A11D75EFFC00E65F68 /* Sources */ = {
			isa = PBXSourcesBuildPhase;
			buildActionMask = 2147483647;
			files = (
				6FEDE9AB1D75EFFC00E65F68 /* WeatherVC.swift in Sources */,
				6FEDE9A91D75EFFC00E65F68 /* AppDelegate.swift in Sources */,
				6FED52FC1D76B4AA00E331CC /* CurrentWeather.swift in Sources */,
				6FED52FA1D7692A700E331CC /* Constants.swift in Sources */,
			);
			runOnlyForDeploymentPostprocessing = 0;
		};
/* End PBXSourcesBuildPhase section */

/* Begin PBXVariantGroup section */
		6FEDE9AC1D75EFFC00E65F68 /* Main.storyboard */ = {
			isa = PBXVariantGroup;
			children = (
				6FEDE9AD1D75EFFC00E65F68 /* Base */,
			);
			name = Main.storyboard;
			sourceTree = "<group>";
		};
		6FEDE9B11D75EFFC00E65F68 /* LaunchScreen.storyboard */ = {
			isa = PBXVariantGroup;
			children = (
				6FEDE9B21D75EFFC00E65F68 /* Base */,
			);
			name = LaunchScreen.storyboard;
			sourceTree = "<group>";
		};
/* End PBXVariantGroup section */

/* Begin XCBuildConfiguration section */
		6FEDE9B51D75EFFC00E65F68 /* Debug */ = {
			isa = XCBuildConfiguration;
			buildSettings = {
				ALWAYS_SEARCH_USER_PATHS = NO;
				CLANG_ANALYZER_NONNULL = YES;
				CLANG_CXX_LANGUAGE_STANDARD = "gnu++0x";
				CLANG_CXX_LIBRARY = "libc++";
				CLANG_ENABLE_MODULES = YES;
				CLANG_ENABLE_OBJC_ARC = YES;
				CLANG_WARN_BOOL_CONVERSION = YES;
				CLANG_WARN_CONSTANT_CONVERSION = YES;
				CLANG_WARN_DIRECT_OBJC_ISA_USAGE = YES_ERROR;
				CLANG_WARN_DOCUMENTATION_COMMENTS = YES;
				CLANG_WARN_EMPTY_BODY = YES;
				CLANG_WARN_ENUM_CONVERSION = YES;
				CLANG_WARN_INFINITE_RECURSION = YES;
				CLANG_WARN_INT_CONVERSION = YES;
				CLANG_WARN_OBJC_ROOT_CLASS = YES_ERROR;
				CLANG_WARN_SUSPICIOUS_MOVES = YES;
				CLANG_WARN_UNREACHABLE_CODE = YES;
				CLANG_WARN__DUPLICATE_METHOD_MATCH = YES;
				"CODE_SIGN_IDENTITY[sdk=iphoneos*]" = "iPhone Developer";
				COPY_PHASE_STRIP = NO;
				DEBUG_INFORMATION_FORMAT = dwarf;
				ENABLE_STRICT_OBJC_MSGSEND = YES;
				ENABLE_TESTABILITY = YES;
				GCC_C_LANGUAGE_STANDARD = gnu99;
				GCC_DYNAMIC_NO_PIC = NO;
				GCC_NO_COMMON_BLOCKS = YES;
				GCC_OPTIMIZATION_LEVEL = 0;
				GCC_PREPROCESSOR_DEFINITIONS = (
					"DEBUG=1",
					"$(inherited)",
				);
				GCC_WARN_64_TO_32_BIT_CONVERSION = YES;
				GCC_WARN_ABOUT_RETURN_TYPE = YES_ERROR;
				GCC_WARN_UNDECLARED_SELECTOR = YES;
				GCC_WARN_UNINITIALIZED_AUTOS = YES_AGGRESSIVE;
				GCC_WARN_UNUSED_FUNCTION = YES;
				GCC_WARN_UNUSED_VARIABLE = YES;
				IPHONEOS_DEPLOYMENT_TARGET = 10.0;
				MTL_ENABLE_DEBUG_INFO = YES;
				ONLY_ACTIVE_ARCH = YES;
				SDKROOT = iphoneos;
				SWIFT_ACTIVE_COMPILATION_CONDITIONS = DEBUG;
				SWIFT_OPTIMIZATION_LEVEL = "-Onone";
			};
			name = Debug;
		};
		6FEDE9B61D75EFFC00E65F68 /* Release */ = {
			isa = XCBuildConfiguration;
			buildSettings = {
				ALWAYS_SEARCH_USER_PATHS = NO;
				CLANG_ANALYZER_NONNULL = YES;
				CLANG_CXX_LANGUAGE_STANDARD = "gnu++0x";
				CLANG_CXX_LIBRARY = "libc++";
				CLANG_ENABLE_MODULES = YES;
				CLANG_ENABLE_OBJC_ARC = YES;
				CLANG_WARN_BOOL_CONVERSION = YES;
				CLANG_WARN_CONSTANT_CONVERSION = YES;
				CLANG_WARN_DIRECT_OBJC_ISA_USAGE = YES_ERROR;
				CLANG_WARN_DOCUMENTATION_COMMENTS = YES;
				CLANG_WARN_EMPTY_BODY = YES;
				CLANG_WARN_ENUM_CONVERSION = YES;
				CLANG_WARN_INFINITE_RECURSION = YES;
				CLANG_WARN_INT_CONVERSION = YES;
				CLANG_WARN_OBJC_ROOT_CLASS = YES_ERROR;
				CLANG_WARN_SUSPICIOUS_MOVES = YES;
				CLANG_WARN_UNREACHABLE_CODE = YES;
				CLANG_WARN__DUPLICATE_METHOD_MATCH = YES;
				"CODE_SIGN_IDENTITY[sdk=iphoneos*]" = "iPhone Developer";
				COPY_PHASE_STRIP = NO;
				DEBUG_INFORMATION_FORMAT = "dwarf-with-dsym";
				ENABLE_NS_ASSERTIONS = NO;
				ENABLE_STRICT_OBJC_MSGSEND = YES;
				GCC_C_LANGUAGE_STANDARD = gnu99;
				GCC_NO_COMMON_BLOCKS = YES;
				GCC_WARN_64_TO_32_BIT_CONVERSION = YES;
				GCC_WARN_ABOUT_RETURN_TYPE = YES_ERROR;
				GCC_WARN_UNDECLARED_SELECTOR = YES;
				GCC_WARN_UNINITIALIZED_AUTOS = YES_AGGRESSIVE;
				GCC_WARN_UNUSED_FUNCTION = YES;
				GCC_WARN_UNUSED_VARIABLE = YES;
				IPHONEOS_DEPLOYMENT_TARGET = 10.0;
				MTL_ENABLE_DEBUG_INFO = NO;
				SDKROOT = iphoneos;
				SWIFT_OPTIMIZATION_LEVEL = "-Owholemodule";
				VALIDATE_PRODUCT = YES;
			};
			name = Release;
		};
		6FEDE9B81D75EFFC00E65F68 /* Debug */ = {
			isa = XCBuildConfiguration;
			baseConfigurationReference = B56B645BBC12CFB4E58A801D /* Pods-WhatWeather.debug.xcconfig */;
			buildSettings = {
				ASSETCATALOG_COMPILER_APPICON_NAME = AppIcon;
				DEVELOPMENT_TEAM = 7FUMWZ2NUV;
				INFOPLIST_FILE = WhatWeather/Info.plist;
				IPHONEOS_DEPLOYMENT_TARGET = 9.3;
				LD_RUNPATH_SEARCH_PATHS = "$(inherited) @executable_path/Frameworks";
				PRODUCT_BUNDLE_IDENTIFIER = com.AndrewNg.WhatWeather;
				PRODUCT_NAME = "$(TARGET_NAME)";
				SWIFT_VERSION = 3.0;
			};
			name = Debug;
		};
		6FEDE9B91D75EFFC00E65F68 /* Release */ = {
			isa = XCBuildConfiguration;
			baseConfigurationReference = ADDD9FF7B0D1AF4BC1CEEB59 /* Pods-WhatWeather.release.xcconfig */;
			buildSettings = {
				ASSETCATALOG_COMPILER_APPICON_NAME = AppIcon;
				DEVELOPMENT_TEAM = 7FUMWZ2NUV;
				INFOPLIST_FILE = WhatWeather/Info.plist;
				IPHONEOS_DEPLOYMENT_TARGET = 9.3;
				LD_RUNPATH_SEARCH_PATHS = "$(inherited) @executable_path/Frameworks";
				PRODUCT_BUNDLE_IDENTIFIER = com.AndrewNg.WhatWeather;
				PRODUCT_NAME = "$(TARGET_NAME)";
				SWIFT_VERSION = 3.0;
			};
			name = Release;
		};
/* End XCBuildConfiguration section */

/* Begin XCConfigurationList section */
		6FEDE9A01D75EFFC00E65F68 /* Build configuration list for PBXProject "WhatWeather" */ = {
			isa = XCConfigurationList;
			buildConfigurations = (
				6FEDE9B51D75EFFC00E65F68 /* Debug */,
				6FEDE9B61D75EFFC00E65F68 /* Release */,
			);
			defaultConfigurationIsVisible = 0;
			defaultConfigurationName = Release;
		};
		6FEDE9B71D75EFFC00E65F68 /* Build configuration list for PBXNativeTarget "WhatWeather" */ = {
			isa = XCConfigurationList;
			buildConfigurations = (
				6FEDE9B81D75EFFC00E65F68 /* Debug */,
				6FEDE9B91D75EFFC00E65F68 /* Release */,
			);
			defaultConfigurationIsVisible = 0;
			defaultConfigurationName = Release;
		};
/* End XCConfigurationList section */
	};
	rootObject = 6FEDE99D1D75EFFC00E65F68 /* Project object */;
}
